
Microsoft Visual Studio Solution File, Format Version 12.00
# Visual Studio Version 16
VisualStudioVersion = 16.0.29215.179
MinimumVisualStudioVersion = 10.0.40219.1
Project("{9A19103F-16F7-4668-BE54-9A1E7A4F7556}") = "MintPlayer.AspNetCore.SitemapXml", "MintPlayer.AspNetCore.SitemapXml\MintPlayer.AspNetCore.SitemapXml.csproj", "{D2B17317-3200-42A1-BB11-FBF3A6581696}"
EndProject
Project("{9A19103F-16F7-4668-BE54-9A1E7A4F7556}") = "MintPlayer.Timestamps", "MintPlayer.Timestamps\MintPlayer.Timestamps.csproj", "{65D43484-5ECA-4F5A-90A9-3E1D837F4EA5}"
EndProject
Global
	GlobalSection(SolutionConfigurationPlatforms) = preSolution
		Debug|Any CPU = Debug|Any CPU
		Release|Any CPU = Release|Any CPU
	EndGlobalSection
	GlobalSection(ProjectConfigurationPlatforms) = postSolution
		{D2B17317-3200-42A1-BB11-FBF3A6581696}.Debug|Any CPU.ActiveCfg = Debug|Any CPU
		{D2B17317-3200-42A1-BB11-FBF3A6581696}.Debug|Any CPU.Build.0 = Debug|Any CPU
		{D2B17317-3200-42A1-BB11-FBF3A6581696}.Release|Any CPU.ActiveCfg = Release|Any CPU
		{D2B17317-3200-42A1-BB11-FBF3A6581696}.Release|Any CPU.Build.0 = Release|Any CPU
		{65D43484-5ECA-4F5A-90A9-3E1D837F4EA5}.Debug|Any CPU.ActiveCfg = Debug|Any CPU
		{65D43484-5ECA-4F5A-90A9-3E1D837F4EA5}.Debug|Any CPU.Build.0 = Debug|Any CPU
		{65D43484-5ECA-4F5A-90A9-3E1D837F4EA5}.Release|Any CPU.ActiveCfg = Release|Any CPU
		{65D43484-5ECA-4F5A-90A9-3E1D837F4EA5}.Release|Any CPU.Build.0 = Release|Any CPU
	EndGlobalSection
	GlobalSection(SolutionProperties) = preSolution
		HideSolutionNode = FALSE
	EndGlobalSection
	GlobalSection(ExtensibilityGlobals) = postSolution
		SolutionGuid = {DEFD7F6C-D3F7-4B99-80E1-20DC417DAD8E}
	EndGlobalSection
EndGlobal
